
Microsoft Visual Studio Solution File, Format Version 12.00
# Visual Studio 2013
VisualStudioVersion = 12.0.31101.0
MinimumVisualStudioVersion = 10.0.40219.1
Project("{FAE04EC0-301F-11D3-BF4B-00C04F79EFBC}") = "Problem1", "Problem1\Problem1.csproj", "{D56D284A-BB32-48DF-99CD-71D99F580ECD}"
EndProject
Project("{FAE04EC0-301F-11D3-BF4B-00C04F79EFBC}") = "Problem0", "Problem0\Problem0.csproj", "{0591DBB1-F617-4139-86BC-C2A76F7EF023}"
EndProject
Project("{FAE04EC0-301F-11D3-BF4B-00C04F79EFBC}") = "Problem2", "Problem2\Problem2.csproj", "{7D814108-A543-4328-99FB-C9294A7BB414}"
EndProject
Global
	GlobalSection(SolutionConfigurationPlatforms) = preSolution
		Debug|Any CPU = Debug|Any CPU
		Release|Any CPU = Release|Any CPU
	EndGlobalSection
	GlobalSection(ProjectConfigurationPlatforms) = postSolution
		{D56D284A-BB32-48DF-99CD-71D99F580ECD}.Debug|Any CPU.ActiveCfg = Debug|Any CPU
		{D56D284A-BB32-48DF-99CD-71D99F580ECD}.Debug|Any CPU.Build.0 = Debug|Any CPU
		{D56D284A-BB32-48DF-99CD-71D99F580ECD}.Release|Any CPU.ActiveCfg = Release|Any CPU
		{D56D284A-BB32-48DF-99CD-71D99F580ECD}.Release|Any CPU.Build.0 = Release|Any CPU
		{0591DBB1-F617-4139-86BC-C2A76F7EF023}.Debug|Any CPU.ActiveCfg = Debug|Any CPU
		{0591DBB1-F617-4139-86BC-C2A76F7EF023}.Debug|Any CPU.Build.0 = Debug|Any CPU
		{0591DBB1-F617-4139-86BC-C2A76F7EF023}.Release|Any CPU.ActiveCfg = Release|Any CPU
		{0591DBB1-F617-4139-86BC-C2A76F7EF023}.Release|Any CPU.Build.0 = Release|Any CPU
		{7D814108-A543-4328-99FB-C9294A7BB414}.Debug|Any CPU.ActiveCfg = Debug|Any CPU
		{7D814108-A543-4328-99FB-C9294A7BB414}.Debug|Any CPU.Build.0 = Debug|Any CPU
		{7D814108-A543-4328-99FB-C9294A7BB414}.Release|Any CPU.ActiveCfg = Release|Any CPU
		{7D814108-A543-4328-99FB-C9294A7BB414}.Release|Any CPU.Build.0 = Release|Any CPU
	EndGlobalSection
	GlobalSection(SolutionProperties) = preSolution
		HideSolutionNode = FALSE
	EndGlobalSection
EndGlobal
